schema: '2.0'
stages:
  data_ingestion:
    cmd: python src/data_ingestion.py
    deps:
    - path: src/data_ingestion.py
      hash: md5
      md5: 79fbaaea350fd9a6b808c6f3c4cc7102
      size: 3076
    outs:
    - path: data/raw
      hash: md5
      md5: 3b3cf3a9ca588cc150553eee569b3fe3.dir
      size: 484846
      nfiles: 2
  data_preprocessing:
    cmd: python src/data_preprocessing.py
    deps:
    - path: data/raw
      hash: md5
      md5: 3b3cf3a9ca588cc150553eee569b3fe3.dir
      size: 484846
      nfiles: 2
    - path: src/data_preprocessing.py
      hash: md5
      md5: 7d8b268e02d94f9fa4841ced12e4081a
      size: 2885
    outs:
    - path: data/interim
      hash: md5
      md5: ff42160ac26915f61b71b211f40e593c.dir
      size: 110316
      nfiles: 2
  feature_engineering:
    cmd: python src/feature_engineering.py
    deps:
    - path: data/interim
      hash: md5
      md5: ff42160ac26915f61b71b211f40e593c.dir
      size: 110316
      nfiles: 2
    - path: src/feature_engineering.py
      hash: md5
      md5: 74a20b2f168e64183d4dbcd1fc7bbb7f
      size: 3457
    outs:
    - path: data/processed
      hash: md5
      md5: 7107bb3d2cec55db3d1c172483465f44.dir
      size: 489848
      nfiles: 2
  model_training:
    cmd: python src/model_training.py
    deps:
    - path: data/processed
      hash: md5
      md5: 7107bb3d2cec55db3d1c172483465f44.dir
      size: 489848
      nfiles: 2
    - path: src/model_training.py
      hash: md5
      md5: c7b470d2ab2e01e09961983933583fb4
      size: 2900
    outs:
    - path: models/model.pkl
      hash: md5
      md5: b32b034cf97302c8a5809872b7d16cb6
      size: 437851
  model_evaluation:
    cmd: python src/model_evaluation.py
    deps:
    - path: models/model.pkl
      hash: md5
      md5: b32b034cf97302c8a5809872b7d16cb6
      size: 437851
    - path: src/model_evaluation.py
      hash: md5
      md5: 8bee3d447385cda7fef3b8eb360b68a8
      size: 3018
    outs:
    - path: reports/metrics.json
      hash: md5
      md5: ed4eddebf6f9f07d3498bb522a8c438f
      size: 126
